
Microsoft Visual Studio Solution File, Format Version 12.00
# Visual Studio Version 16
VisualStudioVersion = 25.0.1705.4
MinimumVisualStudioVersion = 10.0.40219.1
Project("{FAE04EC0-301F-11D3-BF4B-00C04F79EFBC}") = "UserService", "UserService\UserService.csproj", "{5396D672-C26B-4AF8-8AA7-65F288745759}"
EndProject
Global
	GlobalSection(SolutionConfigurationPlatforms) = preSolution
		Debug|Any CPU = Debug|Any CPU
		Release|Any CPU = Release|Any CPU
	EndGlobalSection
	GlobalSection(ProjectConfigurationPlatforms) = postSolution
		{5396D672-C26B-4AF8-8AA7-65F288745759}.Debug|Any CPU.ActiveCfg = Debug|Any CPU
		{5396D672-C26B-4AF8-8AA7-65F288745759}.Debug|Any CPU.Build.0 = Debug|Any CPU
		{5396D672-C26B-4AF8-8AA7-65F288745759}.Release|Any CPU.ActiveCfg = Release|Any CPU
		{5396D672-C26B-4AF8-8AA7-65F288745759}.Release|Any CPU.Build.0 = Release|Any CPU
	EndGlobalSection
	GlobalSection(SolutionProperties) = preSolution
		HideSolutionNode = FALSE
	EndGlobalSection
	GlobalSection(ExtensibilityGlobals) = postSolution
		SolutionGuid = {5DA9A03B-D6A2-422F-8E36-D12738B651BA}
	EndGlobalSection
	GlobalSection(NestedProjects) = preSolution
	EndGlobalSection
EndGlobal
